{
  "projects": [
    {
      "projectId": "r3ASNrnyvLLLAtDvzUioQ",
      "version": "3.8.0",
      "dependencies": {},
      "lang": "ts",
      "fileLocks": [
        {
          "assetId": "r3ASNrnyvLLLAtDvzUioQ",
          "type": "projectCss",
          "checksum": "7d1dbacf8e8dfb8f835321834e1f308e"
        }
      ],
      "codegenVersion": "0.0.1"
    },
    {
      "projectId": "58GpZjZCWTaJ8AUhpCwt2K",
      "version": "3.8.0",
      "dependencies": {},
      "lang": "ts",
      "fileLocks": [
        {
          "assetId": "58GpZjZCWTaJ8AUhpCwt2K",
          "type": "projectCss",
          "checksum": "dbf25c878cd885da8866557c058b53ff"
        }
      ],
      "codegenVersion": "0.0.1"
    },
    {
      "projectId": "28Ba3BDvRe7EiWdfFNnLB6",
      "version": "2.12.2",
      "dependencies": {},
      "lang": "ts",
      "fileLocks": [
        {
          "assetId": "28Ba3BDvRe7EiWdfFNnLB6",
          "type": "projectCss",
          "checksum": "740650b05472db4e42801b334405144a"
        }
      ],
      "codegenVersion": "0.0.1"
    },
    {
      "projectId": "7nJ7UcFmq9UzB6eXfC5z4a",
      "version": "0.8.0",
      "dependencies": {},
      "lang": "ts",
      "fileLocks": [
        {
          "assetId": "7nJ7UcFmq9UzB6eXfC5z4a",
          "type": "projectCss",
          "checksum": "8cf9dfd353bbaf2b2583e7046e8136fb"
        }
      ],
      "codegenVersion": "0.0.1"
    },
    {
      "projectId": "oVWAucqWj6DsPJvsydPAdo",
      "version": "latest",
      "dependencies": {
        "7nJ7UcFmq9UzB6eXfC5z4a": "0.8.0",
        "28Ba3BDvRe7EiWdfFNnLB6": "2.12.2",
        "58GpZjZCWTaJ8AUhpCwt2K": "3.8.0",
        "r3ASNrnyvLLLAtDvzUioQ": "3.8.0"
      },
      "lang": "ts",
      "fileLocks": [
        {
          "type": "globalVariant",
          "assetId": "VsF6OfTsfNeBYL",
          "checksum": "2d156cfb5d3d32d039403028d722abdb"
        },
        {
          "assetId": "oVWAucqWj6DsPJvsydPAdo",
          "type": "projectCss",
          "checksum": "80c11cb7a472129d11e2423ee6aa9be1"
        },
        {
          "type": "renderModule",
          "assetId": "rW0VdT_rQ3NFD",
          "checksum": "45a9a4f3eb6c46ba7376dbfdfa22a3f4"
        },
        {
          "type": "cssRules",
          "assetId": "rW0VdT_rQ3NFD",
          "checksum": "45a9a4f3eb6c46ba7376dbfdfa22a3f4"
        },
        {
          "type": "renderModule",
          "assetId": "8uXEbGCqxCxV6S",
          "checksum": "c9e519199c272d18bf45485423fc69f9"
        },
        {
          "type": "cssRules",
          "assetId": "8uXEbGCqxCxV6S",
          "checksum": "c9e519199c272d18bf45485423fc69f9"
        },
        {
          "type": "renderModule",
          "assetId": "Bt-e7_j9T8tH-Z",
          "checksum": "643e652f9133034cf62de12effd41569"
        },
        {
          "type": "cssRules",
          "assetId": "Bt-e7_j9T8tH-Z",
          "checksum": "643e652f9133034cf62de12effd41569"
        },
        {
          "type": "renderModule",
          "assetId": "iNPBer4qvTiKIy",
          "checksum": "d6179d8057c442bc0493577d03d99355"
        },
        {
          "type": "cssRules",
          "assetId": "iNPBer4qvTiKIy",
          "checksum": "d6179d8057c442bc0493577d03d99355"
        },
        {
          "type": "renderModule",
          "assetId": "HM_XHLznb3Fetc",
          "checksum": "d3cb3e576b19edbdd08ef452bc288b8f"
        },
        {
          "type": "cssRules",
          "assetId": "HM_XHLznb3Fetc",
          "checksum": "d3cb3e576b19edbdd08ef452bc288b8f"
        },
        {
          "type": "renderModule",
          "assetId": "hqPlJbMpP0AGl0",
          "checksum": "5b0651376f4ee7ebcc48b8da61bcd824"
        },
        {
          "type": "cssRules",
          "assetId": "hqPlJbMpP0AGl0",
          "checksum": "5b0651376f4ee7ebcc48b8da61bcd824"
        },
        {
          "type": "renderModule",
          "assetId": "ex2i4sN0MTAAq7",
          "checksum": "0727e6f8e777102ba8bd85a88420b8a4"
        },
        {
          "type": "cssRules",
          "assetId": "ex2i4sN0MTAAq7",
          "checksum": "0727e6f8e777102ba8bd85a88420b8a4"
        },
        {
          "type": "renderModule",
          "assetId": "AN4r_SFWZVILPk",
          "checksum": "82e6a5f2af6f479fe0e27b801fd94bba"
        },
        {
          "type": "cssRules",
          "assetId": "AN4r_SFWZVILPk",
          "checksum": "82e6a5f2af6f479fe0e27b801fd94bba"
        },
        {
          "type": "renderModule",
          "assetId": "V8UjvMShd-LGqS",
          "checksum": "122e2b33ea5c345b26a67ef8b497b172"
        },
        {
          "type": "cssRules",
          "assetId": "V8UjvMShd-LGqS",
          "checksum": "122e2b33ea5c345b26a67ef8b497b172"
        },
        {
          "type": "renderModule",
          "assetId": "sPrtmxcekNF2QG",
          "checksum": "56985c1b8e93ec14edee10b2598d1340"
        },
        {
          "type": "cssRules",
          "assetId": "sPrtmxcekNF2QG",
          "checksum": "56985c1b8e93ec14edee10b2598d1340"
        },
        {
          "type": "renderModule",
          "assetId": "PXvaPNSmlnDXyE",
          "checksum": "d96757ee111d184a57d3847a85c54fd8"
        },
        {
          "type": "cssRules",
          "assetId": "PXvaPNSmlnDXyE",
          "checksum": "d96757ee111d184a57d3847a85c54fd8"
        },
        {
          "type": "renderModule",
          "assetId": "0oM51bbri1e3eB",
          "checksum": "aefab045d87c9a3e6d34ec9ed605cdf5"
        },
        {
          "type": "cssRules",
          "assetId": "0oM51bbri1e3eB",
          "checksum": "aefab045d87c9a3e6d34ec9ed605cdf5"
        },
        {
          "type": "renderModule",
          "assetId": "tYSn2k-DYriNP",
          "checksum": "3bb3591ca9ff2dca8611798b215e6052"
        },
        {
          "type": "cssRules",
          "assetId": "tYSn2k-DYriNP",
          "checksum": "3bb3591ca9ff2dca8611798b215e6052"
        },
        {
          "type": "renderModule",
          "assetId": "GbgCSrKDNkEW8",
          "checksum": "50ba8b50ccb4cfa5d728da123f3590b4"
        },
        {
          "type": "cssRules",
          "assetId": "GbgCSrKDNkEW8",
          "checksum": "50ba8b50ccb4cfa5d728da123f3590b4"
        },
        {
          "type": "renderModule",
          "assetId": "TB0rdnIYofo3d",
          "checksum": "4bc85516c006b5bc76b6f11ae5785ba7"
        },
        {
          "type": "cssRules",
          "assetId": "TB0rdnIYofo3d",
          "checksum": "4bc85516c006b5bc76b6f11ae5785ba7"
        },
        {
          "type": "renderModule",
          "assetId": "cy0n3QtUybNPk",
          "checksum": "0cc1b61d3198281f52215d5a141cba83"
        },
        {
          "type": "cssRules",
          "assetId": "cy0n3QtUybNPk",
          "checksum": "0cc1b61d3198281f52215d5a141cba83"
        },
        {
          "type": "renderModule",
          "assetId": "6mZi2vo3eTrI4t",
          "checksum": "ca7cf6c17af6283a9b7f4dd436316bb6"
        },
        {
          "type": "cssRules",
          "assetId": "6mZi2vo3eTrI4t",
          "checksum": "ca7cf6c17af6283a9b7f4dd436316bb6"
        },
        {
          "type": "renderModule",
          "assetId": "E-h5s_FMDYaMRc",
          "checksum": "36b1c627bba4c6f532c936bd37ac7e6a"
        },
        {
          "type": "cssRules",
          "assetId": "E-h5s_FMDYaMRc",
          "checksum": "36b1c627bba4c6f532c936bd37ac7e6a"
        },
        {
          "type": "renderModule",
          "assetId": "2wBvIzW_i3cBDZ",
          "checksum": "e1c69dfc19dc4b457e3309ee749847a3"
        },
        {
          "type": "cssRules",
          "assetId": "2wBvIzW_i3cBDZ",
          "checksum": "e1c69dfc19dc4b457e3309ee749847a3"
        },
        {
          "type": "renderModule",
          "assetId": "Vh4FbAjjUESJa0",
          "checksum": "2f500582a329df0805c0db089ed31721"
        },
        {
          "type": "cssRules",
          "assetId": "Vh4FbAjjUESJa0",
          "checksum": "2f500582a329df0805c0db089ed31721"
        },
        {
          "type": "renderModule",
          "assetId": "HYxHqp5lqPNvYs",
          "checksum": "2d13118bbfd96913a7ce5a0da38a591c"
        },
        {
          "type": "cssRules",
          "assetId": "HYxHqp5lqPNvYs",
          "checksum": "2d13118bbfd96913a7ce5a0da38a591c"
        },
        {
          "type": "renderModule",
          "assetId": "_1GM9WVHJfCyWB",
          "checksum": "4a8079c1bbf9d8188294a9c12cb7de0b"
        },
        {
          "type": "cssRules",
          "assetId": "_1GM9WVHJfCyWB",
          "checksum": "4a8079c1bbf9d8188294a9c12cb7de0b"
        },
        {
          "type": "icon",
          "assetId": "hUz3QbUrxnIJqL",
          "checksum": "534b0381726ea10f675f97fba075a705"
        },
        {
          "type": "icon",
          "assetId": "TE7ZlDmP2v4Kt-",
          "checksum": "f772d3c1c3d79601accbcb66f6f454c9"
        },
        {
          "type": "icon",
          "assetId": "JLBYhDmNrAxQHA",
          "checksum": "99c773758f951f37bb0b147bd117e26a"
        },
        {
          "type": "icon",
          "assetId": "mP7j-pfAfjId7Y",
          "checksum": "6d95d225110b23aea3604347735a824d"
        },
        {
          "type": "icon",
          "assetId": "nQPEXHVbsS2lZS",
          "checksum": "791a909f9564b2af1fa7ab9cd6747b7c"
        },
        {
          "type": "icon",
          "assetId": "4nikFPIbbHpKGh",
          "checksum": "0f8244adb8b4d55f59126048f964cd89"
        },
        {
          "type": "icon",
          "assetId": "CBOsvLboL1g8jo",
          "checksum": "8b629dbba4f8cd3f0ee76dc31e342250"
        },
        {
          "type": "icon",
          "assetId": "Z-AR8XJDcwVeYH",
          "checksum": "ac86b2558b74baac592e0acc4058aef5"
        },
        {
          "type": "icon",
          "assetId": "ueOm1hEkZDRWuu",
          "checksum": "f7f31bed419f59d6d28ba965ceae3130"
        },
        {
          "type": "icon",
          "assetId": "SoRBO6E-YKCesH",
          "checksum": "e0aab09a5757b65e32e366481c27f594"
        },
        {
          "type": "icon",
          "assetId": "z30TS1rG4o-u45",
          "checksum": "d4c2479ca8c44fc6a51b61c38f857166"
        },
        {
          "type": "icon",
          "assetId": "nEbcHWzFYUKAen",
          "checksum": "0ff7f61db084347d382e9813e4aa1753"
        },
        {
          "type": "icon",
          "assetId": "L70RHZdo69Kf4u",
          "checksum": "8c376444d57966fbfef7d234871021c5"
        },
        {
          "type": "image",
          "assetId": "i7zW7Z1xySAN3s",
          "checksum": "3787094699def47bdae5c1b5e18616a6"
        },
        {
          "type": "image",
          "assetId": "rr0vShAXqCr2LV",
          "checksum": "3fb6c0fbc697e6576db947a65dfe6f98"
        },
        {
          "type": "image",
          "assetId": "r3ELSVIpsY3r22",
          "checksum": "b20b4ffde6fff7e1a061e8ced660cc18"
        },
        {
          "type": "image",
          "assetId": "inVWcjJawiNzy4",
          "checksum": "ab8741e1e849b8f2c745bfcdefa14d0c"
        },
        {
          "type": "image",
          "assetId": "9CPS4T325dnFym",
          "checksum": "c685862c7e8e3c16bbef1382b3ca85a3"
        },
        {
          "type": "image",
          "assetId": "LJIeQ-og2JQik7",
          "checksum": "1000a3fd1bbf0fb47a47e0ccaa70ab4e"
        },
        {
          "type": "image",
          "assetId": "pi78r41hM1nnjZ",
          "checksum": "00471736b108ccb82a55c159400f0904"
        },
        {
          "type": "image",
          "assetId": "DoneCHgRrX1hSH",
          "checksum": "322cc1395736cd9c99f219002b4665ad"
        },
        {
          "type": "image",
          "assetId": "OYAsDdX-0Q_E_x",
          "checksum": "f440f746e693169c6d4b264425811e87"
        },
        {
          "type": "image",
          "assetId": "9iaHDrZMlJkFgc",
          "checksum": "e5ca4b753403d587f990051ef5675b4a"
        },
        {
          "type": "image",
          "assetId": "a1x0LCZyDOvrkg",
          "checksum": "5c30d1be632eac0cc55f483d2548d6d2"
        },
        {
          "type": "image",
          "assetId": "9mfIwH_gUAgir-",
          "checksum": "2305c5802f1ee413c59b7f9802a5dfd2"
        },
        {
          "type": "image",
          "assetId": "0xNBW2z1Mpqy8p",
          "checksum": "5f84cac1d098477de635e85bef473f8f"
        },
        {
          "type": "image",
          "assetId": "pb5tovERMlIXm3",
          "checksum": "a06919ed5bcbaf3f3e90bc9da94b226a"
        },
        {
          "type": "image",
          "assetId": "gAmpxMx6iehARM",
          "checksum": "53f1ac224dda36f50da71679a407db28"
        },
        {
          "type": "image",
          "assetId": "CZs8jfGwO-SJNM",
          "checksum": "7e09aceac00fa1b9467a547f27d87bcd"
        },
        {
          "type": "image",
          "assetId": "bRwgcplb3pTxSD",
          "checksum": "fb083a345b04f0baffb38b87437be4fa"
        },
        {
          "type": "image",
          "assetId": "ntyLyyyiBjoIyi",
          "checksum": "04c333292daa0e3072ae21f6d6130ceb"
        },
        {
          "type": "image",
          "assetId": "5GdObOP3BC6nCm",
          "checksum": "194c36bfde5d84006f4992fac48a9b49"
        },
        {
          "type": "image",
          "assetId": "HTXqFoBClK4cNV",
          "checksum": "d2700e54a21eb11455892d9053f36545"
        },
        {
          "type": "image",
          "assetId": "jLfKfUiaSQGh_b",
          "checksum": "ba9b0a44068bc458b8de095d6bacc54f"
        },
        {
          "type": "image",
          "assetId": "yP-Yaw4VPgoXHY",
          "checksum": "630b883f64081e3c80f7684e2c51b97b"
        },
        {
          "type": "image",
          "assetId": "woodWNz27P7dWf",
          "checksum": "2bb3446d25bb52ba15621468402bd1c0"
        },
        {
          "type": "image",
          "assetId": "GoztRLFW7AWurS",
          "checksum": "ae3e20248d30f118596a39303de8c719"
        },
        {
          "type": "image",
          "assetId": "WAKk4qbXvpwi1z",
          "checksum": "972009975468b1541032e2f76e1ac818"
        },
        {
          "type": "image",
          "assetId": "aoa9MynmEdTbu4",
          "checksum": "e6e0049e0bb5e1ab036795398c9485ee"
        },
        {
          "type": "image",
          "assetId": "PCXuuOiaKEJ2J0",
          "checksum": "17b698ce840ed64d07af4dbb31945930"
        },
        {
          "type": "image",
          "assetId": "wbuWhGczDnM14z",
          "checksum": "35d7b731277de676ed06ed5a232c2101"
        },
        {
          "type": "image",
          "assetId": "AuBZHBaQBA6d3V",
          "checksum": "85c36ab45ee3ca43e37daad6b90b2a06"
        },
        {
          "type": "image",
          "assetId": "f2gdUE4UGpGuOU",
          "checksum": "32f324155fd836c848b2124de11b9ecf"
        },
        {
          "type": "image",
          "assetId": "aLM4dZP4S6u1Jk",
          "checksum": "91ac3cb89d9c2a32cf883c6caf0fc0dc"
        },
        {
          "type": "image",
          "assetId": "AJKE5vuHkk1Hsy",
          "checksum": "0e98e0441233e6a9bb19104988e4232a"
        },
        {
          "type": "image",
          "assetId": "Gdy3R3VLti2TvJ",
          "checksum": "b9280e5b8fa7d5906ee163a365567cd9"
        },
        {
          "type": "image",
          "assetId": "y-ereYZNFJaHAu",
          "checksum": "e8cf3dae7ffae07f74f1c46cfb8f347f"
        },
        {
          "type": "image",
          "assetId": "DLfxWpf_gN3C_w",
          "checksum": "37256a6d497509229f6a455ccc23853e"
        },
        {
          "type": "image",
          "assetId": "QbcAB4Q_fDejd7",
          "checksum": "a109cf80a94bdff0ebd9213f7b1e05f2"
        },
        {
          "type": "image",
          "assetId": "WfyzMyvj_EMu2y",
          "checksum": "e45739018c1d00bb70ef03881d8dab79"
        },
        {
          "type": "image",
          "assetId": "c8Cb4HOFPlBk05",
          "checksum": "3c5616cc9463474c00de605ea994cf18"
        },
        {
          "type": "image",
          "assetId": "b31QhAjI92ANSD",
          "checksum": "d28cb8b40585ef3f50bde18c3537022a"
        },
        {
          "type": "image",
          "assetId": "jAo4Jd25sUxJ6N",
          "checksum": "fc88ed1dd85b8729cd766b70c1528ad8"
        },
        {
          "type": "image",
          "assetId": "lCqHbk3xGNdUZg",
          "checksum": "ed92346f354e15830ca573cb5b7566bc"
        },
        {
          "type": "image",
          "assetId": "8lhVLpJ0XsF8x1",
          "checksum": "201b6914f775074352800cb7f9adb3c4"
        },
        {
          "type": "image",
          "assetId": "PKy6QPHVTkvc7T",
          "checksum": "497e5e7ace3ae071c7a330b231843626"
        },
        {
          "type": "image",
          "assetId": "2d_Epr_agjTIMV",
          "checksum": "630ecbb54139fc82b8a2a5ce94a05712"
        },
        {
          "type": "image",
          "assetId": "gsqOvP1UynaaR0",
          "checksum": "59560b24c148f8cf403d30e073f2c653"
        },
        {
          "type": "image",
          "assetId": "X8hVM3hH3gYGn5",
          "checksum": "bead5a3415f887fa03dbddaf82e29362"
        },
        {
          "type": "image",
          "assetId": "-9jGnELk1lDEAY",
          "checksum": "1eef4f0cf7f82d23cbec5eebd9091a26"
        },
        {
          "type": "image",
          "assetId": "CJRk-aKnbRj-Ho",
          "checksum": "687ac3c7d3ce22f96820e8f59ca92c1a"
        },
        {
          "type": "image",
          "assetId": "1G1UGeW6h28_OF",
          "checksum": "305d7aec58a3aa95be46a0fc0476d869"
        },
        {
          "type": "image",
          "assetId": "n-kwAQg6kDReky",
          "checksum": "e5fcfcc7adac69d352dac57b8b39a65b"
        },
        {
          "type": "image",
          "assetId": "f_3wJY3xPd7c0N",
          "checksum": "2d2fc2abaf19c5dc81228a09d0706cff"
        },
        {
          "type": "image",
          "assetId": "iep-LsLRPct9A8",
          "checksum": "ef21b18e5d27cc5a28dc8f368ddd34f8"
        },
        {
          "type": "image",
          "assetId": "V0UK8YbWJX4GsV",
          "checksum": "a52a33ddfbd713c34027be3d5672dafb"
        },
        {
          "type": "image",
          "assetId": "Cmv5LYld14_Upy",
          "checksum": "4366e84c856f7cb9e22e253ba4313478"
        },
        {
          "type": "image",
          "assetId": "HB1TmCLFgDPmME",
          "checksum": "29dbe2019e916d32368e59be28939be5"
        },
        {
          "type": "image",
          "assetId": "na1HbevPsr2OLk",
          "checksum": "3d7ba084c9b47f87ee414b2a8531b19c"
        },
        {
          "type": "image",
          "assetId": "QQm0dpR_ghOvb0",
          "checksum": "9490e504f434ae077b4fee28188fb64a"
        },
        {
          "type": "image",
          "assetId": "LFB7sEOUHupjS-",
          "checksum": "02fc8e23e4c72850c5fbf3f5971cadab"
        },
        {
          "type": "image",
          "assetId": "2hio4M-3kBcq0s",
          "checksum": "a42b24822ddb087cb82b2a50271608a4"
        },
        {
          "type": "image",
          "assetId": "BKPBjSpP0GFhG6",
          "checksum": "a41438e351d5779c850e429e23a14224"
        },
        {
          "type": "image",
          "assetId": "U7U7d_ZCBU24Ys",
          "checksum": "6119e190a74665ac5a7443d5a53c4c94"
        },
        {
          "type": "image",
          "assetId": "0fznDCpON8O7IJ",
          "checksum": "39b529d4d94941e6c948b500085726f0"
        },
        {
          "type": "image",
          "assetId": "99njGyxENu96vy",
          "checksum": "ce12e0ecb77f0549ca384f8c29a605d8"
        },
        {
          "type": "image",
          "assetId": "hF0j9IIMRKi_ZI",
          "checksum": "448c5180d4a4bdd5445e09645182c0d2"
        },
        {
          "type": "image",
          "assetId": "nAM52xOoo-OAo3",
          "checksum": "ce1e2560cac2f41da365f8403b1ff5fa"
        },
        {
          "type": "image",
          "assetId": "Q7wuZ9wznnzt2U",
          "checksum": "b7c7b5a4c8c83a52e4a494ae10c6ae9e"
        },
        {
          "type": "image",
          "assetId": "0fPoLEmcN9-O39",
          "checksum": "3117b673412612c04acdcfb9860fa97e"
        },
        {
          "type": "image",
          "assetId": "OPp5n90i7I0Q0X",
          "checksum": "bb5f8a620035b4568016e05f3ff9b384"
        },
        {
          "type": "image",
          "assetId": "_GUr7Jpd88uEHp",
          "checksum": "766313b09f3595b333499cecf2cb90e9"
        },
        {
          "type": "image",
          "assetId": "AI0hG6ASBX12-M",
          "checksum": "6d876f70aae19f7da6ba32126cd7f302"
        },
        {
          "type": "image",
          "assetId": "gY7ZaEgMKFUX-R",
          "checksum": "04e38649fc92933dc5772616c0609b7b"
        },
        {
          "type": "image",
          "assetId": "PYM7w46l2xiPqu",
          "checksum": "0f2ca0a4e8b8f80cfa047f927e24d2b6"
        },
        {
          "type": "image",
          "assetId": "3AwpBA1VvHBm1H",
          "checksum": "fec65ba937c3f331c261656ee4c22c47"
        },
        {
          "type": "image",
          "assetId": "2HH6Mfer8xDu-p",
          "checksum": "84486f289e512428c29943658bbee1ab"
        },
        {
          "type": "image",
          "assetId": "-t2KLNgaWfK53k",
          "checksum": "ff3c073c6f3127d0cc2860a223d25498"
        },
        {
          "type": "image",
          "assetId": "6TYvunj1SP6hm7",
          "checksum": "0e798e259e437b1eeb4f5f0c8b2e9ae9"
        },
        {
          "type": "image",
          "assetId": "xc4oeiYZCnVSOU",
          "checksum": "28e4d6748610ed2ee8461062ca4fbe82"
        },
        {
          "type": "image",
          "assetId": "GEnc80CZAXEKEi",
          "checksum": "d48f35f54f0094f04967552dbe3dcf99"
        },
        {
          "type": "image",
          "assetId": "fwjREZvbWnv-ov",
          "checksum": "80f1884989187f35c9de4febf962d3f9"
        },
        {
          "type": "image",
          "assetId": "t9_v2pJfz1n8bO",
          "checksum": "96abf17b9a50039b1137cc800c30004a"
        },
        {
          "type": "image",
          "assetId": "rCDzVMVRBcw3Fz",
          "checksum": "c390e70912d4bb5fd0bc04fd1bbd2ff3"
        },
        {
          "type": "image",
          "assetId": "jU8c1O-VKwh9hn",
          "checksum": "9462e2f548a2e2a830fad4dd10704f0c"
        },
        {
          "type": "image",
          "assetId": "rdcRM-Ol1j-9Pd",
          "checksum": "580563a7a28f698628f101e5c45cd588"
        },
        {
          "type": "image",
          "assetId": "xu6w-kMESUyfgc",
          "checksum": "2e6590c2226ca7ac1102b949a1beb6fe"
        },
        {
          "type": "image",
          "assetId": "tAAe3euRgE6pcN",
          "checksum": "18891f7f36cd4d23da450370ce50ddff"
        },
        {
          "type": "image",
          "assetId": "4ssBEGOwWoknnl",
          "checksum": "49b250ea3751b510b5ef3cde545fcf67"
        },
        {
          "type": "image",
          "assetId": "1RN7nryTgv6tw1",
          "checksum": "d41b48584ef94a0fdec9ea1e7c5b4a57"
        },
        {
          "type": "image",
          "assetId": "kCvbKo6CleqwCp",
          "checksum": "56336cabdfcc34cfb8028b4efbed06da"
        },
        {
          "type": "image",
          "assetId": "ckyDc7e87FELUb",
          "checksum": "a1f201768835e5d693e0a157ffa0476e"
        },
        {
          "type": "image",
          "assetId": "BNC4N72rMdbBu7",
          "checksum": "8b8f3ec26c923bdd46abd87a50bc9680"
        },
        {
          "type": "image",
          "assetId": "0fHDKpFXq59Nwe",
          "checksum": "58474e4396708bdc4a7d0604efd9d9d7"
        },
        {
          "type": "image",
          "assetId": "ahKRDZRK9T1UHy",
          "checksum": "43c2bc1c303b2e588aec86544ae0bee5"
        },
        {
          "type": "image",
          "assetId": "YwFfednoczwlKy",
          "checksum": "e8c1339a05feb52323284b2bf77a6cc2"
        },
        {
          "type": "image",
          "assetId": "TYZbnqAdxWjrsF",
          "checksum": "dc72f9b9c784a8288fd6bfdfec35d97a"
        },
        {
          "type": "image",
          "assetId": "woVp-7aj4xy8vL",
          "checksum": "898ac36a84b61c01f209ff60b3a4a035"
        },
        {
          "type": "image",
          "assetId": "7sU4v-8lfsc2tU",
          "checksum": "a0395e7d17d9882e1b751825134814d4"
        },
        {
          "type": "image",
          "assetId": "0KwpjSQTNCejr5",
          "checksum": "8f91bf0dc3ad60f1fbea770e9c5bcc05"
        },
        {
          "type": "image",
          "assetId": "nTBdIa4RLF0HFZ",
          "checksum": "fcf5609725ca72564cd75d7197b20796"
        },
        {
          "type": "image",
          "assetId": "YJGGfKmmrtn8CP",
          "checksum": "897679de30665297204fe1bd4eb252e2"
        },
        {
          "type": "image",
          "assetId": "3FVtGr3haIOIyY",
          "checksum": "9136eab1eca021056dcf80fe2968a694"
        },
        {
          "type": "image",
          "assetId": "J7ostYS9LEPp9s",
          "checksum": "eb33955c629185eb4f57af8b360cdfc3"
        },
        {
          "type": "image",
          "assetId": "O0VsFSIFlqrpGh",
          "checksum": "9fa1950741b5ecc271d92e78c91b98ce"
        },
        {
          "type": "image",
          "assetId": "IpcZ_PpCiTTaIx",
          "checksum": "da97ecb719f8fb2bae6f51d7858d0d6b"
        },
        {
          "type": "image",
          "assetId": "1ai9f7E79seNiT",
          "checksum": "95d0cb5499ed9fb03a123a7aef5de3ec"
        },
        {
          "type": "image",
          "assetId": "Das_k-k-fvBfpb",
          "checksum": "f4befb92f32c1b698a6812de556baa25"
        },
        {
          "type": "image",
          "assetId": "d202gkS_Iy0ZcX",
          "checksum": "4c6f43562db77c888db8124804af139b"
        },
        {
          "type": "image",
          "assetId": "zODSg55wg2HXqC",
          "checksum": "a5c9387e568b293394a2e12954fd8a48"
        },
        {
          "type": "image",
          "assetId": "iyySOVdfy9qzw5",
          "checksum": "3d16dfd3fd27b7e75c04a33e94baa91b"
        },
        {
          "type": "image",
          "assetId": "vjmhImAkOZTQXl",
          "checksum": "cd357ae486c976f0fd230305414e0218"
        },
        {
          "type": "image",
          "assetId": "hCjrzZLrvcXb41",
          "checksum": "9b5ecd8384da8aae427b24d50771b33b"
        },
        {
          "type": "image",
          "assetId": "EectnuMKg2NTI1",
          "checksum": "a6a8babb992d18a038bd038cdcecf6d3"
        },
        {
          "type": "image",
          "assetId": "TeAMv5ibJ9IbW4",
          "checksum": "13346a1252d1459762bc38e33457dc37"
        },
        {
          "type": "image",
          "assetId": "HdIbqqmDz8yvHx",
          "checksum": "dcabf0550d784b5d0e2c6c295b95cdbe"
        },
        {
          "type": "image",
          "assetId": "3w0nPQLaYztSYF",
          "checksum": "dda6f1740084398bcb9befddf32c21de"
        },
        {
          "type": "image",
          "assetId": "29xOFIjTa74kaa",
          "checksum": "fdea21a3a15b55b26b4709d309cbd179"
        },
        {
          "type": "image",
          "assetId": "4KDIBRxiaWbydl",
          "checksum": "f9f06b58deef782964ac44398bee53c5"
        },
        {
          "type": "image",
          "assetId": "NJKpDacejjsLkY",
          "checksum": "b2b82b665de889eba46c84abe9512078"
        },
        {
          "type": "image",
          "assetId": "Ahd6htTVzjnasl",
          "checksum": "691d349d29c06adacf899b5462e98bcc"
        },
        {
          "type": "image",
          "assetId": "zoKi0YX-rlCaFw",
          "checksum": "533e90b71f8219cbe0d6602392f274c2"
        },
        {
          "type": "image",
          "assetId": "lnqtLfe3iGFBQ4",
          "checksum": "c345f3793c32a51b7f39dc036c3c1b5c"
        },
        {
          "type": "image",
          "assetId": "8CbYvMPdQDuM8I",
          "checksum": "d8361697f143f2624a27779ac90d9a6a"
        },
        {
          "type": "image",
          "assetId": "gIpik2g0vnwB9D",
          "checksum": "f68eb6cb88b7fc853f9950019b077768"
        },
        {
          "type": "image",
          "assetId": "gsptGKtDfFvCZt",
          "checksum": "345d5d59a3166ba1d8f90a7ba92a1fe4"
        },
        {
          "type": "image",
          "assetId": "fZTiREGMn-hYWO",
          "checksum": "db2e1e84ff82f5f15dd8c4f8974be054"
        },
        {
          "type": "image",
          "assetId": "vuSd4s0AcR2CHd",
          "checksum": "03c12cdb5b2240cf4add9e120cd67bb7"
        },
        {
          "type": "image",
          "assetId": "0sfRZ4OAQrVDBF",
          "checksum": "c3b2097a8bf7701a43f3aa526a67ad64"
        },
        {
          "type": "image",
          "assetId": "Z7qt0FqS0jezr8",
          "checksum": "ce0b588943467cda1be14cab4e5be868"
        },
        {
          "type": "image",
          "assetId": "Iyxyq5FQymobMb",
          "checksum": "350231e27fbeced22394c808c041da04"
        },
        {
          "type": "image",
          "assetId": "b3Q6jmhH19fCOC",
          "checksum": "f61155e3b22abefe77d1140b6a01d6c0"
        },
        {
          "type": "image",
          "assetId": "3Yv7yZVlTQSI27",
          "checksum": "647918a7f609009abe08b34429e5e121"
        },
        {
          "type": "image",
          "assetId": "iTebuCPvtYkCoT",
          "checksum": "0af20220e48bc9fd46e2dc6a5ae6bb43"
        }
      ],
      "codegenVersion": "0.0.1"
    }
  ],
  "cliVersion": "0.1.211"
}
